
Microsoft Visual Studio Solution File, Format Version 12.00
# Visual Studio 15
VisualStudioVersion = 15.0.27703.2047
MinimumVisualStudioVersion = 10.0.40219.1
Project("{FAE04EC0-301F-11D3-BF4B-00C04F79EFBC}") = "Netbattle Registry", "Netbattle Registry\Netbattle Registry.csproj", "{A47C0EF6-59C5-4446-84EA-017D208CE6ED}"
EndProject
Global
	GlobalSection(SolutionConfigurationPlatforms) = preSolution
		Debug|Any CPU = Debug|Any CPU
		Release|Any CPU = Release|Any CPU
	EndGlobalSection
	GlobalSection(ProjectConfigurationPlatforms) = postSolution
		{A47C0EF6-59C5-4446-84EA-017D208CE6ED}.Debug|Any CPU.ActiveCfg = Debug|Any CPU
		{A47C0EF6-59C5-4446-84EA-017D208CE6ED}.Debug|Any CPU.Build.0 = Debug|Any CPU
		{A47C0EF6-59C5-4446-84EA-017D208CE6ED}.Release|Any CPU.ActiveCfg = Release|Any CPU
		{A47C0EF6-59C5-4446-84EA-017D208CE6ED}.Release|Any CPU.Build.0 = Release|Any CPU
	EndGlobalSection
	GlobalSection(SolutionProperties) = preSolution
		HideSolutionNode = FALSE
	EndGlobalSection
	GlobalSection(ExtensibilityGlobals) = postSolution
		SolutionGuid = {590D9A9D-9F3E-40AE-B4F6-511237FA4375}
	EndGlobalSection
EndGlobal
